
Microsoft Visual Studio Solution File, Format Version 12.00
# Visual Studio Version 16
VisualStudioVersion = 16.0.32126.315
MinimumVisualStudioVersion = 10.0.40219.1
Project("{FAE04EC0-301F-11D3-BF4B-00C04F79EFBC}") = "ExercicioFuncionarios", "ExercicioFuncionarios\ExercicioFuncionarios.csproj", "{9A6FE551-D8ED-4060-926D-D521397CC40A}"
EndProject
Global
	GlobalSection(SolutionConfigurationPlatforms) = preSolution
		Debug|Any CPU = Debug|Any CPU
		Release|Any CPU = Release|Any CPU
	EndGlobalSection
	GlobalSection(ProjectConfigurationPlatforms) = postSolution
		{9A6FE551-D8ED-4060-926D-D521397CC40A}.Debug|Any CPU.ActiveCfg = Debug|Any CPU
		{9A6FE551-D8ED-4060-926D-D521397CC40A}.Debug|Any CPU.Build.0 = Debug|Any CPU
		{9A6FE551-D8ED-4060-926D-D521397CC40A}.Release|Any CPU.ActiveCfg = Release|Any CPU
		{9A6FE551-D8ED-4060-926D-D521397CC40A}.Release|Any CPU.Build.0 = Release|Any CPU
	EndGlobalSection
	GlobalSection(SolutionProperties) = preSolution
		HideSolutionNode = FALSE
	EndGlobalSection
	GlobalSection(ExtensibilityGlobals) = postSolution
		SolutionGuid = {709BCBA2-9929-4E6B-B064-B67B33923718}
	EndGlobalSection
EndGlobal
