
Microsoft Visual Studio Solution File, Format Version 12.00
# Visual Studio Version 16
VisualStudioVersion = 16.0.32126.315
MinimumVisualStudioVersion = 10.0.40219.1
Project("{FAE04EC0-301F-11D3-BF4B-00C04F79EFBC}") = "ExercicioPath", "ExercicioPath\ExercicioPath.csproj", "{D6C8155F-11EC-4E2F-A998-E31DDA9FB4FC}"
EndProject
Global
	GlobalSection(SolutionConfigurationPlatforms) = preSolution
		Debug|Any CPU = Debug|Any CPU
		Release|Any CPU = Release|Any CPU
	EndGlobalSection
	GlobalSection(ProjectConfigurationPlatforms) = postSolution
		{D6C8155F-11EC-4E2F-A998-E31DDA9FB4FC}.Debug|Any CPU.ActiveCfg = Debug|Any CPU
		{D6C8155F-11EC-4E2F-A998-E31DDA9FB4FC}.Debug|Any CPU.Build.0 = Debug|Any CPU
		{D6C8155F-11EC-4E2F-A998-E31DDA9FB4FC}.Release|Any CPU.ActiveCfg = Release|Any CPU
		{D6C8155F-11EC-4E2F-A998-E31DDA9FB4FC}.Release|Any CPU.Build.0 = Release|Any CPU
	EndGlobalSection
	GlobalSection(SolutionProperties) = preSolution
		HideSolutionNode = FALSE
	EndGlobalSection
	GlobalSection(ExtensibilityGlobals) = postSolution
		SolutionGuid = {42AC34EF-01F0-420D-BF2C-92A8F54F6D33}
	EndGlobalSection
EndGlobal
